// !$*UTF8*$!
{
	archiveVersion = 1;
	classes = {
	};
	objectVersion = 50;
	objects = {

/* Begin PBXBuildFile section */
		49624EE12326813500FA0A32 /* AppDelegate.m in Sources */ = {isa = PBXBuildFile; fileRef = 49624EE02326813500FA0A32 /* AppDelegate.m */; };
		49624EE42326813500FA0A32 /* ViewController.m in Sources */ = {isa = PBXBuildFile; fileRef = 49624EE32326813500FA0A32 /* ViewController.m */; };
		49624EE72326813500FA0A32 /* Main.storyboard in Resources */ = {isa = PBXBuildFile; fileRef = 49624EE52326813500FA0A32 /* Main.storyboard */; };
		49624EE92326813600FA0A32 /* Assets.xcassets in Resources */ = {isa = PBXBuildFile; fileRef = 49624EE82326813600FA0A32 /* Assets.xcassets */; };
		49624EEC2326813600FA0A32 /* LaunchScreen.storyboard in Resources */ = {isa = PBXBuildFile; fileRef = 49624EEA2326813600FA0A32 /* LaunchScreen.storyboard */; };
		49624EEF2326813600FA0A32 /* main.m in Sources */ = {isa = PBXBuildFile; fileRef = 49624EEE2326813600FA0A32 /* main.m */; };
		49624EF92326813600FA0A32 /* MobileIntegrationCheckTests.m in Sources */ = {isa = PBXBuildFile; fileRef = 49624EF82326813600FA0A32 /* MobileIntegrationCheckTests.m */; };
/* End PBXBuildFile section */

/* Begin PBXContainerItemProxy section */
		49624EF52326813600FA0A32 /* PBXContainerItemProxy */ = {
			isa = PBXContainerItemProxy;
			containerPortal = 49624ED42326813500FA0A32 /* Project object */;
			proxyType = 1;
			remoteGlobalIDString = 49624EDB2326813500FA0A32;
			remoteInfo = MobileIntegrationCheck;
		};
/* End PBXContainerItemProxy section */

/* Begin PBXFileReference section */
		49624EDC2326813500FA0A32 /* MobileIntegrationCheck.app */ = {isa = PBXFileReference; explicitFileType = wrapper.application; includeInIndex = 0; path = MobileIntegrationCheck.app; sourceTree = BUILT_PRODUCTS_DIR; };
		49624EDF2326813500FA0A32 /* AppDelegate.h */ = {isa = PBXFileReference; lastKnownFileType = sourcecode.c.h; path = AppDelegate.h; sourceTree = "<group>"; };
		49624EE02326813500FA0A32 /* AppDelegate.m */ = {isa = PBXFileReference; lastKnownFileType = sourcecode.c.objc; path = AppDelegate.m; sourceTree = "<group>"; };
		49624EE22326813500FA0A32 /* ViewController.h */ = {isa = PBXFileReference; lastKnownFileType = sourcecode.c.h; path = ViewController.h; sourceTree = "<group>"; };
		49624EE32326813500FA0A32 /* ViewController.m */ = {isa = PBXFileReference; lastKnownFileType = sourcecode.c.objc; path = ViewController.m; sourceTree = "<group>"; };
		49624EE62326813500FA0A32 /* Base */ = {isa = PBXFileReference; lastKnownFileType = file.storyboard; name = Base; path = Base.lproj/Main.storyboard; sourceTree = "<group>"; };
		49624EE82326813600FA0A32 /* Assets.xcassets */ = {isa = PBXFileReference; lastKnownFileType = folder.assetcatalog; path = Assets.xcassets; sourceTree = "<group>"; };
		49624EEB2326813600FA0A32 /* Base */ = {isa = PBXFileReference; lastKnownFileType = file.storyboard; name = Base; path = Base.lproj/LaunchScreen.storyboard; sourceTree = "<group>"; };
		49624EED2326813600FA0A32 /* Info.plist */ = {isa = PBXFileReference; lastKnownFileType = text.plist.xml; path = Info.plist; sourceTree = "<group>"; };
		49624EEE2326813600FA0A32 /* main.m */ = {isa = PBXFileReference; lastKnownFileType = sourcecode.c.objc; path = main.m; sourceTree = "<group>"; };
		49624EF42326813600FA0A32 /* MobileIntegrationCheckTests.xctest */ = {isa = PBXFileReference; explicitFileType = wrapper.cfbundle; includeInIndex = 0; path = MobileIntegrationCheckTests.xctest; sourceTree = BUILT_PRODUCTS_DIR; };
		49624EF82326813600FA0A32 /* MobileIntegrationCheckTests.m */ = {isa = PBXFileReference; lastKnownFileType = sourcecode.c.objc; path = MobileIntegrationCheckTests.m; sourceTree = "<group>"; };
		49624EFA2326813600FA0A32 /* Info.plist */ = {isa = PBXFileReference; lastKnownFileType = text.plist.xml; path = Info.plist; sourceTree = "<group>"; };
/* End PBXFileReference section */

/* Begin PBXFrameworksBuildPhase section */
		49624ED92326813500FA0A32 /* Frameworks */ = {
			isa = PBXFrameworksBuildPhase;
			buildActionMask = 2147483647;
			files = (
			);
			runOnlyForDeploymentPostprocessing = 0;
		};
		49624EF12326813600FA0A32 /* Frameworks */ = {
			isa = PBXFrameworksBuildPhase;
			buildActionMask = 2147483647;
			files = (
			);
			runOnlyForDeploymentPostprocessing = 0;
		};
/* End PBXFrameworksBuildPhase section */

/* Begin PBXGroup section */
		49624ED32326813500FA0A32 = {
			isa = PBXGroup;
			children = (
				49624EDE2326813500FA0A32 /* MobileIntegrationCheck */,
				49624EF72326813600FA0A32 /* MobileIntegrationCheckTests */,
				49624EDD2326813500FA0A32 /* Products */,
			);
			sourceTree = "<group>";
		};
		49624EDD2326813500FA0A32 /* Products */ = {
			isa = PBXGroup;
			children = (
				49624EDC2326813500FA0A32 /* MobileIntegrationCheck.app */,
				49624EF42326813600FA0A32 /* MobileIntegrationCheckTests.xctest */,
			);
			name = Products;
			sourceTree = "<group>";
		};
		49624EDE2326813500FA0A32 /* MobileIntegrationCheck */ = {
			isa = PBXGroup;
			children = (
				49624EDF2326813500FA0A32 /* AppDelegate.h */,
				49624EE02326813500FA0A32 /* AppDelegate.m */,
				49624EE22326813500FA0A32 /* ViewController.h */,
				49624EE32326813500FA0A32 /* ViewController.m */,
				49624EE52326813500FA0A32 /* Main.storyboard */,
				49624EE82326813600FA0A32 /* Assets.xcassets */,
				49624EEA2326813600FA0A32 /* LaunchScreen.storyboard */,
				49624EED2326813600FA0A32 /* Info.plist */,
				49624EEE2326813600FA0A32 /* main.m */,
			);
			path = MobileIntegrationCheck;
			sourceTree = "<group>";
		};
		49624EF72326813600FA0A32 /* MobileIntegrationCheckTests */ = {
			isa = PBXGroup;
			children = (
				49624EF82326813600FA0A32 /* MobileIntegrationCheckTests.m */,
				49624EFA2326813600FA0A32 /* Info.plist */,
			);
			path = MobileIntegrationCheckTests;
			sourceTree = "<group>";
		};
/* End PBXGroup section */

/* Begin PBXNativeTarget section */
		49624EDB2326813500FA0A32 /* MobileIntegrationCheck */ = {
			isa = PBXNativeTarget;
			buildConfigurationList = 49624EFD2326813600FA0A32 /* Build configuration list for PBXNativeTarget "MobileIntegrationCheck" */;
			buildPhases = (
				49624ED82326813500FA0A32 /* Sources */,
				49624ED92326813500FA0A32 /* Frameworks */,
				49624EDA2326813500FA0A32 /* Resources */,
			);
			buildRules = (
			);
			dependencies = (
			);
			name = MobileIntegrationCheck;
			productName = MobileIntegrationCheck;
			productReference = 49624EDC2326813500FA0A32 /* MobileIntegrationCheck.app */;
			productType = "com.apple.product-type.application";
		};
		49624EF32326813600FA0A32 /* MobileIntegrationCheckTests */ = {
			isa = PBXNativeTarget;
			buildConfigurationList = 49624F002326813600FA0A32 /* Build configuration list for PBXNativeTarget "MobileIntegrationCheckTests" */;
			buildPhases = (
				49624EF02326813600FA0A32 /* Sources */,
				49624EF12326813600FA0A32 /* Frameworks */,
				49624EF22326813600FA0A32 /* Resources */,
			);
			buildRules = (
			);
			dependencies = (
				49624EF62326813600FA0A32 /* PBXTargetDependency */,
			);
			name = MobileIntegrationCheckTests;
			productName = MobileIntegrationCheckTests;
			productReference = 49624EF42326813600FA0A32 /* MobileIntegrationCheckTests.xctest */;
			productType = "com.apple.product-type.bundle.unit-test";
		};
/* End PBXNativeTarget section */

/* Begin PBXProject section */
		49624ED42326813500FA0A32 /* Project object */ = {
			isa = PBXProject;
			attributes = {
				LastUpgradeCheck = 1030;
				ORGANIZATIONNAME = rtibin;
				TargetAttributes = {
					49624EDB2326813500FA0A32 = {
						CreatedOnToolsVersion = 10.3;
					};
					49624EF32326813600FA0A32 = {
						CreatedOnToolsVersion = 10.3;
						TestTargetID = 49624EDB2326813500FA0A32;
					};
				};
			};
			buildConfigurationList = 49624ED72326813500FA0A32 /* Build configuration list for PBXProject "MobileIntegrationCheck" */;
			compatibilityVersion = "Xcode 9.3";
			developmentRegion = en;
			hasScannedForEncodings = 0;
			knownRegions = (
				en,
				Base,
			);
			mainGroup = 49624ED32326813500FA0A32;
			productRefGroup = 49624EDD2326813500FA0A32 /* Products */;
			projectDirPath = "";
			projectRoot = "";
			targets = (
				49624EDB2326813500FA0A32 /* MobileIntegrationCheck */,
				49624EF32326813600FA0A32 /* MobileIntegrationCheckTests */,
			);
		};
/* End PBXProject section */

/* Begin PBXResourcesBuildPhase section */
		49624EDA2326813500FA0A32 /* Resources */ = {
			isa = PBXResourcesBuildPhase;
			buildActionMask = 2147483647;
			files = (
				49624EEC2326813600FA0A32 /* LaunchScreen.storyboard in Resources */,
				49624EE92326813600FA0A32 /* Assets.xcassets in Resources */,
				49624EE72326813500FA0A32 /* Main.storyboard in Resources */,
			);
			runOnlyForDeploymentPostprocessing = 0;
		};
		49624EF22326813600FA0A32 /* Resources */ = {
			isa = PBXResourcesBuildPhase;
			buildActionMask = 2147483647;
			files = (
			);
			runOnlyForDeploymentPostprocessing = 0;
		};
/* End PBXResourcesBuildPhase section */

/* Begin PBXSourcesBuildPhase section */
		49624ED82326813500FA0A32 /* Sources */ = {
			isa = PBXSourcesBuildPhase;
			buildActionMask = 2147483647;
			files = (
				49624EE42326813500FA0A32 /* ViewController.m in Sources */,
				49624EEF2326813600FA0A32 /* main.m in Sources */,
				49624EE12326813500FA0A32 /* AppDelegate.m in Sources */,
			);
			runOnlyForDeploymentPostprocessing = 0;
		};
		49624EF02326813600FA0A32 /* Sources */ = {
			isa = PBXSourcesBuildPhase;
			buildActionMask = 2147483647;
			files = (
				49624EF92326813600FA0A32 /* MobileIntegrationCheckTests.m in Sources */,
			);
			runOnlyForDeploymentPostprocessing = 0;
		};
/* End PBXSourcesBuildPhase section */

/* Begin PBXTargetDependency section */
		49624EF62326813600FA0A32 /* PBXTargetDependency */ = {
			isa = PBXTargetDependency;
			target = 49624EDB2326813500FA0A32 /* MobileIntegrationCheck */;
			targetProxy = 49624EF52326813600FA0A32 /* PBXContainerItemProxy */;
		};
/* End PBXTargetDependency section */

/* Begin PBXVariantGroup section */
		49624EE52326813500FA0A32 /* Main.storyboard */ = {
			isa = PBXVariantGroup;
			children = (
				49624EE62326813500FA0A32 /* Base */,
			);
			name = Main.storyboard;
			sourceTree = "<group>";
		};
		49624EEA2326813600FA0A32 /* LaunchScreen.storyboard */ = {
			isa = PBXVariantGroup;
			children = (
				49624EEB2326813600FA0A32 /* Base */,
			);
			name = LaunchScreen.storyboard;
			sourceTree = "<group>";
		};
/* End PBXVariantGroup section */

/* Begin XCBuildConfiguration section */
		49624EFB2326813600FA0A32 /* Debug */ = {
			isa = XCBuildConfiguration;
			buildSettings = {
				ALWAYS_SEARCH_USER_PATHS = NO;
				CLANG_ANALYZER_NONNULL = YES;
				CLANG_ANALYZER_NUMBER_OBJECT_CONVERSION = YES_AGGRESSIVE;
				CLANG_CXX_LANGUAGE_STANDARD = "gnu++14";
				CLANG_CXX_LIBRARY = "libc++";
				CLANG_ENABLE_MODULES = YES;
				CLANG_ENABLE_OBJC_ARC = YES;
				CLANG_ENABLE_OBJC_WEAK = YES;
				CLANG_WARN_BLOCK_CAPTURE_AUTORELEASING = YES;
				CLANG_WARN_BOOL_CONVERSION = YES;
				CLANG_WARN_COMMA = YES;
				CLANG_WARN_CONSTANT_CONVERSION = YES;
				CLANG_WARN_DEPRECATED_OBJC_IMPLEMENTATIONS = YES;
				CLANG_WARN_DIRECT_OBJC_ISA_USAGE = YES_ERROR;
				CLANG_WARN_DOCUMENTATION_COMMENTS = YES;
				CLANG_WARN_EMPTY_BODY = YES;
				CLANG_WARN_ENUM_CONVERSION = YES;
				CLANG_WARN_INFINITE_RECURSION = YES;
				CLANG_WARN_INT_CONVERSION = YES;
				CLANG_WARN_NON_LITERAL_NULL_CONVERSION = YES;
				CLANG_WARN_OBJC_IMPLICIT_RETAIN_SELF = YES;
				CLANG_WARN_OBJC_LITERAL_CONVERSION = YES;
				CLANG_WARN_OBJC_ROOT_CLASS = YES_ERROR;
				CLANG_WARN_RANGE_LOOP_ANALYSIS = YES;
				CLANG_WARN_STRICT_PROTOTYPES = YES;
				CLANG_WARN_SUSPICIOUS_MOVE = YES;
				CLANG_WARN_UNGUARDED_AVAILABILITY = YES_AGGRESSIVE;
				CLANG_WARN_UNREACHABLE_CODE = YES;
				CLANG_WARN__DUPLICATE_METHOD_MATCH = YES;
				CODE_SIGN_IDENTITY = "iPhone Developer";
				COPY_PHASE_STRIP = NO;
				DEBUG_INFORMATION_FORMAT = dwarf;
				ENABLE_STRICT_OBJC_MSGSEND = YES;
				ENABLE_TESTABILITY = YES;
				GCC_C_LANGUAGE_STANDARD = gnu11;
				GCC_DYNAMIC_NO_PIC = NO;
				GCC_NO_COMMON_BLOCKS = YES;
				GCC_OPTIMIZATION_LEVEL = 0;
				GCC_PREPROCESSOR_DEFINITIONS = (
					"DEBUG=1",
					"$(inherited)",
				);
				GCC_WARN_64_TO_32_BIT_CONVERSION = YES;
				GCC_WARN_ABOUT_RETURN_TYPE = YES_ERROR;
				GCC_WARN_UNDECLARED_SELECTOR = YES;
				GCC_WARN_UNINITIALIZED_AUTOS = YES_AGGRESSIVE;
				GCC_WARN_UNUSED_FUNCTION = YES;
				GCC_WARN_UNUSED_VARIABLE = YES;
				IPHONEOS_DEPLOYMENT_TARGET = 12.4;
				MTL_ENABLE_DEBUG_INFO = INCLUDE_SOURCE;
				MTL_FAST_MATH = YES;
				ONLY_ACTIVE_ARCH = YES;
				SDKROOT = iphoneos;
			};
			name = Debug;
		};
		49624EFC2326813600FA0A32 /* Release */ = {
			isa = XCBuildConfiguration;
			buildSettings = {
				ALWAYS_SEARCH_USER_PATHS = NO;
				CLANG_ANALYZER_NONNULL = YES;
				CLANG_ANALYZER_NUMBER_OBJECT_CONVERSION = YES_AGGRESSIVE;
				CLANG_CXX_LANGUAGE_STANDARD = "gnu++14";
				CLANG_CXX_LIBRARY = "libc++";
				CLANG_ENABLE_MODULES = YES;
				CLANG_ENABLE_OBJC_ARC = YES;
				CLANG_ENABLE_OBJC_WEAK = YES;
				CLANG_WARN_BLOCK_CAPTURE_AUTORELEASING = YES;
				CLANG_WARN_BOOL_CONVERSION = YES;
				CLANG_WARN_COMMA = YES;
				CLANG_WARN_CONSTANT_CONVERSION = YES;
				CLANG_WARN_DEPRECATED_OBJC_IMPLEMENTATIONS = YES;
				CLANG_WARN_DIRECT_OBJC_ISA_USAGE = YES_ERROR;
				CLANG_WARN_DOCUMENTATION_COMMENTS = YES;
				CLANG_WARN_EMPTY_BODY = YES;
				CLANG_WARN_ENUM_CONVERSION = YES;
				CLANG_WARN_INFINITE_RECURSION = YES;
				CLANG_WARN_INT_CONVERSION = YES;
				CLANG_WARN_NON_LITERAL_NULL_CONVERSION = YES;
				CLANG_WARN_OBJC_IMPLICIT_RETAIN_SELF = YES;
				CLANG_WARN_OBJC_LITERAL_CONVERSION = YES;
				CLANG_WARN_OBJC_ROOT_CLASS = YES_ERROR;
				CLANG_WARN_RANGE_LOOP_ANALYSIS = YES;
				CLANG_WARN_STRICT_PROTOTYPES = YES;
				CLANG_WARN_SUSPICIOUS_MOVE = YES;
				CLANG_WARN_UNGUARDED_AVAILABILITY = YES_AGGRESSIVE;
				CLANG_WARN_UNREACHABLE_CODE = YES;
				CLANG_WARN__DUPLICATE_METHOD_MATCH = YES;
				CODE_SIGN_IDENTITY = "iPhone Developer";
				COPY_PHASE_STRIP = NO;
				DEBUG_INFORMATION_FORMAT = "dwarf-with-dsym";
				ENABLE_NS_ASSERTIONS = NO;
				ENABLE_STRICT_OBJC_MSGSEND = YES;
				GCC_C_LANGUAGE_STANDARD = gnu11;
				GCC_NO_COMMON_BLOCKS = YES;
				GCC_WARN_64_TO_32_BIT_CONVERSION = YES;
				GCC_WARN_ABOUT_RETURN_TYPE = YES_ERROR;
				GCC_WARN_UNDECLARED_SELECTOR = YES;
				GCC_WARN_UNINITIALIZED_AUTOS = YES_AGGRESSIVE;
				GCC_WARN_UNUSED_FUNCTION = YES;
				GCC_WARN_UNUSED_VARIABLE = YES;
				IPHONEOS_DEPLOYMENT_TARGET = 12.4;
				MTL_ENABLE_DEBUG_INFO = NO;
				MTL_FAST_MATH = YES;
				SDKROOT = iphoneos;
				VALIDATE_PRODUCT = YES;
			};
			name = Release;
		};
		49624EFE2326813600FA0A32 /* Debug */ = {
			isa = XCBuildConfiguration;
			buildSettings = {
				ASSETCATALOG_COMPILER_APPICON_NAME = AppIcon;
				CODE_SIGN_STYLE = Automatic;
				DEVELOPMENT_TEAM = C699M5548C;
				INFOPLIST_FILE = MobileIntegrationCheck/Info.plist;
				LD_RUNPATH_SEARCH_PATHS = (
					"$(inherited)",
					"@executable_path/Frameworks",
				);
				PRODUCT_BUNDLE_IDENTIFIER = com.extole.MobileIntegrationCheck;
				PRODUCT_NAME = "$(TARGET_NAME)";
				TARGETED_DEVICE_FAMILY = "1,2";
			};
			name = Debug;
		};
		49624EFF2326813600FA0A32 /* Release */ = {
			isa = XCBuildConfiguration;
			buildSettings = {
				ASSETCATALOG_COMPILER_APPICON_NAME = AppIcon;
				CODE_SIGN_STYLE = Automatic;
				DEVELOPMENT_TEAM = C699M5548C;
				INFOPLIST_FILE = MobileIntegrationCheck/Info.plist;
				LD_RUNPATH_SEARCH_PATHS = (
					"$(inherited)",
					"@executable_path/Frameworks",
				);
				PRODUCT_BUNDLE_IDENTIFIER = com.extole.MobileIntegrationCheck;
				PRODUCT_NAME = "$(TARGET_NAME)";
				TARGETED_DEVICE_FAMILY = "1,2";
			};
			name = Release;
		};
		49624F012326813600FA0A32 /* Debug */ = {
			isa = XCBuildConfiguration;
			buildSettings = {
				BUNDLE_LOADER = "$(TEST_HOST)";
				CODE_SIGN_STYLE = Automatic;
				DEVELOPMENT_TEAM = C699M5548C;
				INFOPLIST_FILE = MobileIntegrationCheckTests/Info.plist;
				LD_RUNPATH_SEARCH_PATHS = (
					"$(inherited)",
					"@executable_path/Frameworks",
					"@loader_path/Frameworks",
				);
				PRODUCT_BUNDLE_IDENTIFIER = com.extole.MobileIntegrationCheckTests;
				PRODUCT_NAME = "$(TARGET_NAME)";
				TARGETED_DEVICE_FAMILY = "1,2";
				TEST_HOST = "$(BUILT_PRODUCTS_DIR)/MobileIntegrationCheck.app/MobileIntegrationCheck";
			};
			name = Debug;
		};
		49624F022326813600FA0A32 /* Release */ = {
			isa = XCBuildConfiguration;
			buildSettings = {
				BUNDLE_LOADER = "$(TEST_HOST)";
				CODE_SIGN_STYLE = Automatic;
				DEVELOPMENT_TEAM = C699M5548C;
				INFOPLIST_FILE = MobileIntegrationCheckTests/Info.plist;
				LD_RUNPATH_SEARCH_PATHS = (
					"$(inherited)",
					"@executable_path/Frameworks",
					"@loader_path/Frameworks",
				);
				PRODUCT_BUNDLE_IDENTIFIER = com.extole.MobileIntegrationCheckTests;
				PRODUCT_NAME = "$(TARGET_NAME)";
				TARGETED_DEVICE_FAMILY = "1,2";
				TEST_HOST = "$(BUILT_PRODUCTS_DIR)/MobileIntegrationCheck.app/MobileIntegrationCheck";
			};
			name = Release;
		};
/* End XCBuildConfiguration section */

/* Begin XCConfigurationList section */
		49624ED72326813500FA0A32 /* Build configuration list for PBXProject "MobileIntegrationCheck" */ = {
			isa = XCConfigurationList;
			buildConfigurations = (
				49624EFB2326813600FA0A32 /* Debug */,
				49624EFC2326813600FA0A32 /* Release */,
			);
			defaultConfigurationIsVisible = 0;
			defaultConfigurationName = Release;
		};
		49624EFD2326813600FA0A32 /* Build configuration list for PBXNativeTarget "MobileIntegrationCheck" */ = {
			isa = XCConfigurationList;
			buildConfigurations = (
				49624EFE2326813600FA0A32 /* Debug */,
				49624EFF2326813600FA0A32 /* Release */,
			);
			defaultConfigurationIsVisible = 0;
			defaultConfigurationName = Release;
		};
		49624F002326813600FA0A32 /* Build configuration list for PBXNativeTarget "MobileIntegrationCheckTests" */ = {
			isa = XCConfigurationList;
			buildConfigurations = (
				49624F012326813600FA0A32 /* Debug */,
				49624F022326813600FA0A32 /* Release */,
			);
			defaultConfigurationIsVisible = 0;
			defaultConfigurationName = Release;
		};
/* End XCConfigurationList section */
	};
	rootObject = 49624ED42326813500FA0A32 /* Project object */;
}
