// !$*UTF8*$!
{
	archiveVersion = 1;
	classes = {
	};
	objectVersion = 50;
	objects = {

/* Begin PBXBuildFile section */
		4918EA8621E8DEAF00CE4C78 /* AppDelegate.swift in Sources */ = {isa = PBXBuildFile; fileRef = 4918EA8521E8DEAF00CE4C78 /* AppDelegate.swift */; };
		4918EA8821E8DEAF00CE4C78 /* ProfileViewController.swift in Sources */ = {isa = PBXBuildFile; fileRef = 4918EA8721E8DEAF00CE4C78 /* ProfileViewController.swift */; };
		4918EA8D21E8DEB000CE4C78 /* Assets.xcassets in Resources */ = {isa = PBXBuildFile; fileRef = 4918EA8C21E8DEB000CE4C78 /* Assets.xcassets */; };
		4918EA9B21E8DEB100CE4C78 /* ZoneTest.swift in Sources */ = {isa = PBXBuildFile; fileRef = 4918EA9A21E8DEB100CE4C78 /* ZoneTest.swift */; };
		4918EAA621E8DEB100CE4C78 /* firstappUITests.swift in Sources */ = {isa = PBXBuildFile; fileRef = 4918EAA521E8DEB100CE4C78 /* firstappUITests.swift */; };
		497EE1592200802400C070D1 /* Events.swift in Sources */ = {isa = PBXBuildFile; fileRef = 497EE1582200802400C070D1 /* Events.swift */; };
		4988D85F21FB2140005CD183 /* ShareableTest.swift in Sources */ = {isa = PBXBuildFile; fileRef = 4988D85E21FB2140005CD183 /* ShareableTest.swift */; };
		4988D86121FB22E4005CD183 /* TokenTest.swift in Sources */ = {isa = PBXBuildFile; fileRef = 4988D86021FB22E4005CD183 /* TokenTest.swift */; };
		4988D86321FB2397005CD183 /* ProfileTest.swift in Sources */ = {isa = PBXBuildFile; fileRef = 4988D86221FB2397005CD183 /* ProfileTest.swift */; };
		4988D86521FB2427005CD183 /* ShareTest.swift in Sources */ = {isa = PBXBuildFile; fileRef = 4988D86421FB2427005CD183 /* ShareTest.swift */; };
		498FE16821FB670300052D9F /* ShareViewController.swift in Sources */ = {isa = PBXBuildFile; fileRef = 498FE16721FB670300052D9F /* ShareViewController.swift */; };
		498FE16B21FB6CE500052D9F /* ExtoleApp.swift in Sources */ = {isa = PBXBuildFile; fileRef = 498FE16A21FB6CE500052D9F /* ExtoleApp.swift */; };
		49B52C4221F0A39F00AC2DFC /* Logger.swift in Sources */ = {isa = PBXBuildFile; fileRef = 49B52C4121F0A39F00AC2DFC /* Logger.swift */; };
		49BE2C052208372300A45CED /* IdentifyViewController.swift in Sources */ = {isa = PBXBuildFile; fileRef = 49BE2C042208372300A45CED /* IdentifyViewController.swift */; };
		49BE2C072208392E00A45CED /* Common.swift in Sources */ = {isa = PBXBuildFile; fileRef = 49BE2C062208392E00A45CED /* Common.swift */; };
		49BE2C09220878C200A45CED /* SessionViewController.swift in Sources */ = {isa = PBXBuildFile; fileRef = 49BE2C08220878C200A45CED /* SessionViewController.swift */; };
		49D6DF3F21F9FF240036B7DD /* Network.swift in Sources */ = {isa = PBXBuildFile; fileRef = 49D6DF3E21F9FF240036B7DD /* Network.swift */; };
		49D6DF4121F9FFC20036B7DD /* ApiResponse.swift in Sources */ = {isa = PBXBuildFile; fileRef = 49D6DF4021F9FFC20036B7DD /* ApiResponse.swift */; };
		49D6DF4321FA001A0036B7DD /* ErrorData.swift in Sources */ = {isa = PBXBuildFile; fileRef = 49D6DF4221FA001A0036B7DD /* ErrorData.swift */; };
		49D6DF4521FA00800036B7DD /* Profile.swift in Sources */ = {isa = PBXBuildFile; fileRef = 49D6DF4421FA00800036B7DD /* Profile.swift */; };
		49D6DF4721FA00BE0036B7DD /* Token.swift in Sources */ = {isa = PBXBuildFile; fileRef = 49D6DF4621FA00BE0036B7DD /* Token.swift */; };
		49D6DF4921FA02430036B7DD /* Shareable.swift in Sources */ = {isa = PBXBuildFile; fileRef = 49D6DF4821FA02430036B7DD /* Shareable.swift */; };
		49D6DF4B21FA02A20036B7DD /* Share.swift in Sources */ = {isa = PBXBuildFile; fileRef = 49D6DF4A21FA02A20036B7DD /* Share.swift */; };
		49D6DF4D21FA04B60036B7DD /* Program.swift in Sources */ = {isa = PBXBuildFile; fileRef = 49D6DF4C21FA04B60036B7DD /* Program.swift */; };
		49D6DF4F21FA08670036B7DD /* Zone.swift in Sources */ = {isa = PBXBuildFile; fileRef = 49D6DF4E21FA08670036B7DD /* Zone.swift */; };
		49EF658E220476B60010B349 /* HistoryViewController.swift in Sources */ = {isa = PBXBuildFile; fileRef = 49EF658D220476B60010B349 /* HistoryViewController.swift */; };
/* End PBXBuildFile section */

/* Begin PBXContainerItemProxy section */
		4918EA9721E8DEB100CE4C78 /* PBXContainerItemProxy */ = {
			isa = PBXContainerItemProxy;
			containerPortal = 4918EA7A21E8DEAF00CE4C78 /* Project object */;
			proxyType = 1;
			remoteGlobalIDString = 4918EA8121E8DEAF00CE4C78;
			remoteInfo = firstapp;
		};
		4918EAA221E8DEB100CE4C78 /* PBXContainerItemProxy */ = {
			isa = PBXContainerItemProxy;
			containerPortal = 4918EA7A21E8DEAF00CE4C78 /* Project object */;
			proxyType = 1;
			remoteGlobalIDString = 4918EA8121E8DEAF00CE4C78;
			remoteInfo = firstapp;
		};
/* End PBXContainerItemProxy section */

/* Begin PBXFileReference section */
		4918EA8221E8DEAF00CE4C78 /* firstapp.app */ = {isa = PBXFileReference; explicitFileType = wrapper.application; includeInIndex = 0; path = firstapp.app; sourceTree = BUILT_PRODUCTS_DIR; };
		4918EA8521E8DEAF00CE4C78 /* AppDelegate.swift */ = {isa = PBXFileReference; lastKnownFileType = sourcecode.swift; path = AppDelegate.swift; sourceTree = "<group>"; };
		4918EA8721E8DEAF00CE4C78 /* ProfileViewController.swift */ = {isa = PBXFileReference; lastKnownFileType = sourcecode.swift; path = ProfileViewController.swift; sourceTree = "<group>"; };
		4918EA8C21E8DEB000CE4C78 /* Assets.xcassets */ = {isa = PBXFileReference; lastKnownFileType = folder.assetcatalog; path = Assets.xcassets; sourceTree = "<group>"; };
		4918EA9121E8DEB000CE4C78 /* Info.plist */ = {isa = PBXFileReference; lastKnownFileType = text.plist.xml; path = Info.plist; sourceTree = "<group>"; };
		4918EA9621E8DEB100CE4C78 /* firstappTests.xctest */ = {isa = PBXFileReference; explicitFileType = wrapper.cfbundle; includeInIndex = 0; path = firstappTests.xctest; sourceTree = BUILT_PRODUCTS_DIR; };
		4918EA9A21E8DEB100CE4C78 /* ZoneTest.swift */ = {isa = PBXFileReference; lastKnownFileType = sourcecode.swift; path = ZoneTest.swift; sourceTree = "<group>"; };
		4918EA9C21E8DEB100CE4C78 /* Info.plist */ = {isa = PBXFileReference; lastKnownFileType = text.plist.xml; path = Info.plist; sourceTree = "<group>"; };
		4918EAA121E8DEB100CE4C78 /* firstappUITests.xctest */ = {isa = PBXFileReference; explicitFileType = wrapper.cfbundle; includeInIndex = 0; path = firstappUITests.xctest; sourceTree = BUILT_PRODUCTS_DIR; };
		4918EAA521E8DEB100CE4C78 /* firstappUITests.swift */ = {isa = PBXFileReference; lastKnownFileType = sourcecode.swift; path = firstappUITests.swift; sourceTree = "<group>"; };
		4918EAA721E8DEB100CE4C78 /* Info.plist */ = {isa = PBXFileReference; lastKnownFileType = text.plist.xml; path = Info.plist; sourceTree = "<group>"; };
		497EE1582200802400C070D1 /* Events.swift */ = {isa = PBXFileReference; lastKnownFileType = sourcecode.swift; path = Events.swift; sourceTree = "<group>"; };
		4988D85E21FB2140005CD183 /* ShareableTest.swift */ = {isa = PBXFileReference; lastKnownFileType = sourcecode.swift; path = ShareableTest.swift; sourceTree = "<group>"; };
		4988D86021FB22E4005CD183 /* TokenTest.swift */ = {isa = PBXFileReference; lastKnownFileType = sourcecode.swift; path = TokenTest.swift; sourceTree = "<group>"; };
		4988D86221FB2397005CD183 /* ProfileTest.swift */ = {isa = PBXFileReference; lastKnownFileType = sourcecode.swift; path = ProfileTest.swift; sourceTree = "<group>"; };
		4988D86421FB2427005CD183 /* ShareTest.swift */ = {isa = PBXFileReference; lastKnownFileType = sourcecode.swift; path = ShareTest.swift; sourceTree = "<group>"; };
		498FE16721FB670300052D9F /* ShareViewController.swift */ = {isa = PBXFileReference; lastKnownFileType = sourcecode.swift; path = ShareViewController.swift; sourceTree = "<group>"; };
		498FE16A21FB6CE500052D9F /* ExtoleApp.swift */ = {isa = PBXFileReference; lastKnownFileType = sourcecode.swift; path = ExtoleApp.swift; sourceTree = "<group>"; };
		49B52C4121F0A39F00AC2DFC /* Logger.swift */ = {isa = PBXFileReference; lastKnownFileType = sourcecode.swift; path = Logger.swift; sourceTree = "<group>"; };
		49BE2C042208372300A45CED /* IdentifyViewController.swift */ = {isa = PBXFileReference; lastKnownFileType = sourcecode.swift; path = IdentifyViewController.swift; sourceTree = "<group>"; };
		49BE2C062208392E00A45CED /* Common.swift */ = {isa = PBXFileReference; lastKnownFileType = sourcecode.swift; path = Common.swift; sourceTree = "<group>"; };
		49BE2C08220878C200A45CED /* SessionViewController.swift */ = {isa = PBXFileReference; lastKnownFileType = sourcecode.swift; path = SessionViewController.swift; sourceTree = "<group>"; };
		49D6DF3E21F9FF240036B7DD /* Network.swift */ = {isa = PBXFileReference; lastKnownFileType = sourcecode.swift; path = Network.swift; sourceTree = "<group>"; };
		49D6DF4021F9FFC20036B7DD /* ApiResponse.swift */ = {isa = PBXFileReference; lastKnownFileType = sourcecode.swift; path = ApiResponse.swift; sourceTree = "<group>"; };
		49D6DF4221FA001A0036B7DD /* ErrorData.swift */ = {isa = PBXFileReference; lastKnownFileType = sourcecode.swift; path = ErrorData.swift; sourceTree = "<group>"; };
		49D6DF4421FA00800036B7DD /* Profile.swift */ = {isa = PBXFileReference; lastKnownFileType = sourcecode.swift; path = Profile.swift; sourceTree = "<group>"; };
		49D6DF4621FA00BE0036B7DD /* Token.swift */ = {isa = PBXFileReference; lastKnownFileType = sourcecode.swift; path = Token.swift; sourceTree = "<group>"; };
		49D6DF4821FA02430036B7DD /* Shareable.swift */ = {isa = PBXFileReference; lastKnownFileType = sourcecode.swift; path = Shareable.swift; sourceTree = "<group>"; };
		49D6DF4A21FA02A20036B7DD /* Share.swift */ = {isa = PBXFileReference; lastKnownFileType = sourcecode.swift; path = Share.swift; sourceTree = "<group>"; };
		49D6DF4C21FA04B60036B7DD /* Program.swift */ = {isa = PBXFileReference; lastKnownFileType = sourcecode.swift; path = Program.swift; sourceTree = "<group>"; };
		49D6DF4E21FA08670036B7DD /* Zone.swift */ = {isa = PBXFileReference; lastKnownFileType = sourcecode.swift; path = Zone.swift; sourceTree = "<group>"; };
		49EF658D220476B60010B349 /* HistoryViewController.swift */ = {isa = PBXFileReference; lastKnownFileType = sourcecode.swift; path = HistoryViewController.swift; sourceTree = "<group>"; };
/* End PBXFileReference section */

/* Begin PBXFrameworksBuildPhase section */
		4918EA7F21E8DEAF00CE4C78 /* Frameworks */ = {
			isa = PBXFrameworksBuildPhase;
			buildActionMask = 2147483647;
			files = (
			);
			runOnlyForDeploymentPostprocessing = 0;
		};
		4918EA9321E8DEB100CE4C78 /* Frameworks */ = {
			isa = PBXFrameworksBuildPhase;
			buildActionMask = 2147483647;
			files = (
			);
			runOnlyForDeploymentPostprocessing = 0;
		};
		4918EA9E21E8DEB100CE4C78 /* Frameworks */ = {
			isa = PBXFrameworksBuildPhase;
			buildActionMask = 2147483647;
			files = (
			);
			runOnlyForDeploymentPostprocessing = 0;
		};
/* End PBXFrameworksBuildPhase section */

/* Begin PBXGroup section */
		4918EA7921E8DEAF00CE4C78 = {
			isa = PBXGroup;
			children = (
				498FE16921FB6C9800052D9F /* ExtoleModel */,
				49D6DF3D21F9FEC50036B7DD /* ExtoleAPI */,
				4918EA8421E8DEAF00CE4C78 /* firstapp */,
				4918EA9921E8DEB100CE4C78 /* firstappTests */,
				4918EAA421E8DEB100CE4C78 /* firstappUITests */,
				4918EA8321E8DEAF00CE4C78 /* Products */,
			);
			sourceTree = "<group>";
		};
		4918EA8321E8DEAF00CE4C78 /* Products */ = {
			isa = PBXGroup;
			children = (
				4918EA8221E8DEAF00CE4C78 /* firstapp.app */,
				4918EA9621E8DEB100CE4C78 /* firstappTests.xctest */,
				4918EAA121E8DEB100CE4C78 /* firstappUITests.xctest */,
			);
			name = Products;
			sourceTree = "<group>";
		};
		4918EA8421E8DEAF00CE4C78 /* firstapp */ = {
			isa = PBXGroup;
			children = (
				4918EA8521E8DEAF00CE4C78 /* AppDelegate.swift */,
				4918EA8721E8DEAF00CE4C78 /* ProfileViewController.swift */,
				4918EA8C21E8DEB000CE4C78 /* Assets.xcassets */,
				4918EA9121E8DEB000CE4C78 /* Info.plist */,
				49B52C4121F0A39F00AC2DFC /* Logger.swift */,
				498FE16721FB670300052D9F /* ShareViewController.swift */,
				49EF658D220476B60010B349 /* HistoryViewController.swift */,
				49BE2C042208372300A45CED /* IdentifyViewController.swift */,
				49BE2C062208392E00A45CED /* Common.swift */,
				49BE2C08220878C200A45CED /* SessionViewController.swift */,
			);
			path = firstapp;
			sourceTree = "<group>";
		};
		4918EA9921E8DEB100CE4C78 /* firstappTests */ = {
			isa = PBXGroup;
			children = (
				4918EA9A21E8DEB100CE4C78 /* ZoneTest.swift */,
				4918EA9C21E8DEB100CE4C78 /* Info.plist */,
				4988D85E21FB2140005CD183 /* ShareableTest.swift */,
				4988D86021FB22E4005CD183 /* TokenTest.swift */,
				4988D86221FB2397005CD183 /* ProfileTest.swift */,
				4988D86421FB2427005CD183 /* ShareTest.swift */,
			);
			path = firstappTests;
			sourceTree = "<group>";
		};
		4918EAA421E8DEB100CE4C78 /* firstappUITests */ = {
			isa = PBXGroup;
			children = (
				4918EAA521E8DEB100CE4C78 /* firstappUITests.swift */,
				4918EAA721E8DEB100CE4C78 /* Info.plist */,
			);
			path = firstappUITests;
			sourceTree = "<group>";
		};
		498FE16921FB6C9800052D9F /* ExtoleModel */ = {
			isa = PBXGroup;
			children = (
				498FE16A21FB6CE500052D9F /* ExtoleApp.swift */,
				497EE1582200802400C070D1 /* Events.swift */,
			);
			path = ExtoleModel;
			sourceTree = "<group>";
		};
		49D6DF3D21F9FEC50036B7DD /* ExtoleAPI */ = {
			isa = PBXGroup;
			children = (
				49D6DF3E21F9FF240036B7DD /* Network.swift */,
				49D6DF4021F9FFC20036B7DD /* ApiResponse.swift */,
				49D6DF4221FA001A0036B7DD /* ErrorData.swift */,
				49D6DF4421FA00800036B7DD /* Profile.swift */,
				49D6DF4621FA00BE0036B7DD /* Token.swift */,
				49D6DF4821FA02430036B7DD /* Shareable.swift */,
				49D6DF4A21FA02A20036B7DD /* Share.swift */,
				49D6DF4C21FA04B60036B7DD /* Program.swift */,
				49D6DF4E21FA08670036B7DD /* Zone.swift */,
			);
			path = ExtoleAPI;
			sourceTree = "<group>";
		};
/* End PBXGroup section */

/* Begin PBXNativeTarget section */
		4918EA8121E8DEAF00CE4C78 /* firstapp */ = {
			isa = PBXNativeTarget;
			buildConfigurationList = 4918EAAA21E8DEB100CE4C78 /* Build configuration list for PBXNativeTarget "firstapp" */;
			buildPhases = (
				4918EA7E21E8DEAF00CE4C78 /* Sources */,
				4918EA7F21E8DEAF00CE4C78 /* Frameworks */,
				4918EA8021E8DEAF00CE4C78 /* Resources */,
			);
			buildRules = (
			);
			dependencies = (
			);
			name = firstapp;
			productName = firstapp;
			productReference = 4918EA8221E8DEAF00CE4C78 /* firstapp.app */;
			productType = "com.apple.product-type.application";
		};
		4918EA9521E8DEB100CE4C78 /* firstappTests */ = {
			isa = PBXNativeTarget;
			buildConfigurationList = 4918EAAD21E8DEB100CE4C78 /* Build configuration list for PBXNativeTarget "firstappTests" */;
			buildPhases = (
				4918EA9221E8DEB100CE4C78 /* Sources */,
				4918EA9321E8DEB100CE4C78 /* Frameworks */,
				4918EA9421E8DEB100CE4C78 /* Resources */,
			);
			buildRules = (
			);
			dependencies = (
				4918EA9821E8DEB100CE4C78 /* PBXTargetDependency */,
			);
			name = firstappTests;
			productName = firstappTests;
			productReference = 4918EA9621E8DEB100CE4C78 /* firstappTests.xctest */;
			productType = "com.apple.product-type.bundle.unit-test";
		};
		4918EAA021E8DEB100CE4C78 /* firstappUITests */ = {
			isa = PBXNativeTarget;
			buildConfigurationList = 4918EAB021E8DEB100CE4C78 /* Build configuration list for PBXNativeTarget "firstappUITests" */;
			buildPhases = (
				4918EA9D21E8DEB100CE4C78 /* Sources */,
				4918EA9E21E8DEB100CE4C78 /* Frameworks */,
				4918EA9F21E8DEB100CE4C78 /* Resources */,
			);
			buildRules = (
			);
			dependencies = (
				4918EAA321E8DEB100CE4C78 /* PBXTargetDependency */,
			);
			name = firstappUITests;
			productName = firstappUITests;
			productReference = 4918EAA121E8DEB100CE4C78 /* firstappUITests.xctest */;
			productType = "com.apple.product-type.bundle.ui-testing";
		};
/* End PBXNativeTarget section */

/* Begin PBXProject section */
		4918EA7A21E8DEAF00CE4C78 /* Project object */ = {
			isa = PBXProject;
			attributes = {
				LastSwiftUpdateCheck = 1010;
				LastUpgradeCheck = 1010;
				ORGANIZATIONNAME = rtibin;
				TargetAttributes = {
					4918EA8121E8DEAF00CE4C78 = {
						CreatedOnToolsVersion = 10.1;
					};
					4918EA9521E8DEB100CE4C78 = {
						CreatedOnToolsVersion = 10.1;
						TestTargetID = 4918EA8121E8DEAF00CE4C78;
					};
					4918EAA021E8DEB100CE4C78 = {
						CreatedOnToolsVersion = 10.1;
						TestTargetID = 4918EA8121E8DEAF00CE4C78;
					};
				};
			};
			buildConfigurationList = 4918EA7D21E8DEAF00CE4C78 /* Build configuration list for PBXProject "firstapp" */;
			compatibilityVersion = "Xcode 9.3";
			developmentRegion = en;
			hasScannedForEncodings = 0;
			knownRegions = (
				en,
				Base,
			);
			mainGroup = 4918EA7921E8DEAF00CE4C78;
			productRefGroup = 4918EA8321E8DEAF00CE4C78 /* Products */;
			projectDirPath = "";
			projectRoot = "";
			targets = (
				4918EA8121E8DEAF00CE4C78 /* firstapp */,
				4918EA9521E8DEB100CE4C78 /* firstappTests */,
				4918EAA021E8DEB100CE4C78 /* firstappUITests */,
			);
		};
/* End PBXProject section */

/* Begin PBXResourcesBuildPhase section */
		4918EA8021E8DEAF00CE4C78 /* Resources */ = {
			isa = PBXResourcesBuildPhase;
			buildActionMask = 2147483647;
			files = (
				4918EA8D21E8DEB000CE4C78 /* Assets.xcassets in Resources */,
			);
			runOnlyForDeploymentPostprocessing = 0;
		};
		4918EA9421E8DEB100CE4C78 /* Resources */ = {
			isa = PBXResourcesBuildPhase;
			buildActionMask = 2147483647;
			files = (
			);
			runOnlyForDeploymentPostprocessing = 0;
		};
		4918EA9F21E8DEB100CE4C78 /* Resources */ = {
			isa = PBXResourcesBuildPhase;
			buildActionMask = 2147483647;
			files = (
			);
			runOnlyForDeploymentPostprocessing = 0;
		};
/* End PBXResourcesBuildPhase section */

/* Begin PBXSourcesBuildPhase section */
		4918EA7E21E8DEAF00CE4C78 /* Sources */ = {
			isa = PBXSourcesBuildPhase;
			buildActionMask = 2147483647;
			files = (
				49D6DF4721FA00BE0036B7DD /* Token.swift in Sources */,
				49D6DF3F21F9FF240036B7DD /* Network.swift in Sources */,
				49D6DF4521FA00800036B7DD /* Profile.swift in Sources */,
				4918EA8821E8DEAF00CE4C78 /* ProfileViewController.swift in Sources */,
				49BE2C072208392E00A45CED /* Common.swift in Sources */,
				498FE16821FB670300052D9F /* ShareViewController.swift in Sources */,
				49D6DF4121F9FFC20036B7DD /* ApiResponse.swift in Sources */,
				49D6DF4F21FA08670036B7DD /* Zone.swift in Sources */,
				49EF658E220476B60010B349 /* HistoryViewController.swift in Sources */,
				49B52C4221F0A39F00AC2DFC /* Logger.swift in Sources */,
				49D6DF4D21FA04B60036B7DD /* Program.swift in Sources */,
				497EE1592200802400C070D1 /* Events.swift in Sources */,
				49D6DF4B21FA02A20036B7DD /* Share.swift in Sources */,
				49BE2C09220878C200A45CED /* SessionViewController.swift in Sources */,
				498FE16B21FB6CE500052D9F /* ExtoleApp.swift in Sources */,
				49D6DF4321FA001A0036B7DD /* ErrorData.swift in Sources */,
				49BE2C052208372300A45CED /* IdentifyViewController.swift in Sources */,
				4918EA8621E8DEAF00CE4C78 /* AppDelegate.swift in Sources */,
				49D6DF4921FA02430036B7DD /* Shareable.swift in Sources */,
			);
			runOnlyForDeploymentPostprocessing = 0;
		};
		4918EA9221E8DEB100CE4C78 /* Sources */ = {
			isa = PBXSourcesBuildPhase;
			buildActionMask = 2147483647;
			files = (
				4988D86521FB2427005CD183 /* ShareTest.swift in Sources */,
				4918EA9B21E8DEB100CE4C78 /* ZoneTest.swift in Sources */,
				4988D86321FB2397005CD183 /* ProfileTest.swift in Sources */,
				4988D85F21FB2140005CD183 /* ShareableTest.swift in Sources */,
				4988D86121FB22E4005CD183 /* TokenTest.swift in Sources */,
			);
			runOnlyForDeploymentPostprocessing = 0;
		};
		4918EA9D21E8DEB100CE4C78 /* Sources */ = {
			isa = PBXSourcesBuildPhase;
			buildActionMask = 2147483647;
			files = (
				4918EAA621E8DEB100CE4C78 /* firstappUITests.swift in Sources */,
			);
			runOnlyForDeploymentPostprocessing = 0;
		};
/* End PBXSourcesBuildPhase section */

/* Begin PBXTargetDependency section */
		4918EA9821E8DEB100CE4C78 /* PBXTargetDependency */ = {
			isa = PBXTargetDependency;
			target = 4918EA8121E8DEAF00CE4C78 /* firstapp */;
			targetProxy = 4918EA9721E8DEB100CE4C78 /* PBXContainerItemProxy */;
		};
		4918EAA321E8DEB100CE4C78 /* PBXTargetDependency */ = {
			isa = PBXTargetDependency;
			target = 4918EA8121E8DEAF00CE4C78 /* firstapp */;
			targetProxy = 4918EAA221E8DEB100CE4C78 /* PBXContainerItemProxy */;
		};
/* End PBXTargetDependency section */

/* Begin XCBuildConfiguration section */
		4918EAA821E8DEB100CE4C78 /* Debug */ = {
			isa = XCBuildConfiguration;
			buildSettings = {
				ALWAYS_SEARCH_USER_PATHS = NO;
				CLANG_ANALYZER_NONNULL = YES;
				CLANG_ANALYZER_NUMBER_OBJECT_CONVERSION = YES_AGGRESSIVE;
				CLANG_CXX_LANGUAGE_STANDARD = "gnu++14";
				CLANG_CXX_LIBRARY = "libc++";
				CLANG_ENABLE_MODULES = YES;
				CLANG_ENABLE_OBJC_ARC = YES;
				CLANG_ENABLE_OBJC_WEAK = YES;
				CLANG_WARN_BLOCK_CAPTURE_AUTORELEASING = YES;
				CLANG_WARN_BOOL_CONVERSION = YES;
				CLANG_WARN_COMMA = YES;
				CLANG_WARN_CONSTANT_CONVERSION = YES;
				CLANG_WARN_DEPRECATED_OBJC_IMPLEMENTATIONS = YES;
				CLANG_WARN_DIRECT_OBJC_ISA_USAGE = YES_ERROR;
				CLANG_WARN_DOCUMENTATION_COMMENTS = YES;
				CLANG_WARN_EMPTY_BODY = YES;
				CLANG_WARN_ENUM_CONVERSION = YES;
				CLANG_WARN_INFINITE_RECURSION = YES;
				CLANG_WARN_INT_CONVERSION = YES;
				CLANG_WARN_NON_LITERAL_NULL_CONVERSION = YES;
				CLANG_WARN_OBJC_IMPLICIT_RETAIN_SELF = YES;
				CLANG_WARN_OBJC_LITERAL_CONVERSION = YES;
				CLANG_WARN_OBJC_ROOT_CLASS = YES_ERROR;
				CLANG_WARN_RANGE_LOOP_ANALYSIS = YES;
				CLANG_WARN_STRICT_PROTOTYPES = YES;
				CLANG_WARN_SUSPICIOUS_MOVE = YES;
				CLANG_WARN_UNGUARDED_AVAILABILITY = YES_AGGRESSIVE;
				CLANG_WARN_UNREACHABLE_CODE = YES;
				CLANG_WARN__DUPLICATE_METHOD_MATCH = YES;
				CODE_SIGN_IDENTITY = "iPhone Developer";
				COPY_PHASE_STRIP = NO;
				DEBUG_INFORMATION_FORMAT = dwarf;
				ENABLE_STRICT_OBJC_MSGSEND = YES;
				ENABLE_TESTABILITY = YES;
				GCC_C_LANGUAGE_STANDARD = gnu11;
				GCC_DYNAMIC_NO_PIC = NO;
				GCC_NO_COMMON_BLOCKS = YES;
				GCC_OPTIMIZATION_LEVEL = 0;
				GCC_PREPROCESSOR_DEFINITIONS = (
					"DEBUG=1",
					"$(inherited)",
				);
				GCC_WARN_64_TO_32_BIT_CONVERSION = YES;
				GCC_WARN_ABOUT_RETURN_TYPE = YES_ERROR;
				GCC_WARN_UNDECLARED_SELECTOR = YES;
				GCC_WARN_UNINITIALIZED_AUTOS = YES_AGGRESSIVE;
				GCC_WARN_UNUSED_FUNCTION = YES;
				GCC_WARN_UNUSED_VARIABLE = YES;
				IPHONEOS_DEPLOYMENT_TARGET = 12.1;
				MTL_ENABLE_DEBUG_INFO = INCLUDE_SOURCE;
				MTL_FAST_MATH = YES;
				ONLY_ACTIVE_ARCH = YES;
				SDKROOT = iphoneos;
				SWIFT_ACTIVE_COMPILATION_CONDITIONS = DEBUG;
				SWIFT_OPTIMIZATION_LEVEL = "-Onone";
			};
			name = Debug;
		};
		4918EAA921E8DEB100CE4C78 /* Release */ = {
			isa = XCBuildConfiguration;
			buildSettings = {
				ALWAYS_SEARCH_USER_PATHS = NO;
				CLANG_ANALYZER_NONNULL = YES;
				CLANG_ANALYZER_NUMBER_OBJECT_CONVERSION = YES_AGGRESSIVE;
				CLANG_CXX_LANGUAGE_STANDARD = "gnu++14";
				CLANG_CXX_LIBRARY = "libc++";
				CLANG_ENABLE_MODULES = YES;
				CLANG_ENABLE_OBJC_ARC = YES;
				CLANG_ENABLE_OBJC_WEAK = YES;
				CLANG_WARN_BLOCK_CAPTURE_AUTORELEASING = YES;
				CLANG_WARN_BOOL_CONVERSION = YES;
				CLANG_WARN_COMMA = YES;
				CLANG_WARN_CONSTANT_CONVERSION = YES;
				CLANG_WARN_DEPRECATED_OBJC_IMPLEMENTATIONS = YES;
				CLANG_WARN_DIRECT_OBJC_ISA_USAGE = YES_ERROR;
				CLANG_WARN_DOCUMENTATION_COMMENTS = YES;
				CLANG_WARN_EMPTY_BODY = YES;
				CLANG_WARN_ENUM_CONVERSION = YES;
				CLANG_WARN_INFINITE_RECURSION = YES;
				CLANG_WARN_INT_CONVERSION = YES;
				CLANG_WARN_NON_LITERAL_NULL_CONVERSION = YES;
				CLANG_WARN_OBJC_IMPLICIT_RETAIN_SELF = YES;
				CLANG_WARN_OBJC_LITERAL_CONVERSION = YES;
				CLANG_WARN_OBJC_ROOT_CLASS = YES_ERROR;
				CLANG_WARN_RANGE_LOOP_ANALYSIS = YES;
				CLANG_WARN_STRICT_PROTOTYPES = YES;
				CLANG_WARN_SUSPICIOUS_MOVE = YES;
				CLANG_WARN_UNGUARDED_AVAILABILITY = YES_AGGRESSIVE;
				CLANG_WARN_UNREACHABLE_CODE = YES;
				CLANG_WARN__DUPLICATE_METHOD_MATCH = YES;
				CODE_SIGN_IDENTITY = "iPhone Developer";
				COPY_PHASE_STRIP = NO;
				DEBUG_INFORMATION_FORMAT = "dwarf-with-dsym";
				ENABLE_NS_ASSERTIONS = NO;
				ENABLE_STRICT_OBJC_MSGSEND = YES;
				GCC_C_LANGUAGE_STANDARD = gnu11;
				GCC_NO_COMMON_BLOCKS = YES;
				GCC_WARN_64_TO_32_BIT_CONVERSION = YES;
				GCC_WARN_ABOUT_RETURN_TYPE = YES_ERROR;
				GCC_WARN_UNDECLARED_SELECTOR = YES;
				GCC_WARN_UNINITIALIZED_AUTOS = YES_AGGRESSIVE;
				GCC_WARN_UNUSED_FUNCTION = YES;
				GCC_WARN_UNUSED_VARIABLE = YES;
				IPHONEOS_DEPLOYMENT_TARGET = 12.1;
				MTL_ENABLE_DEBUG_INFO = NO;
				MTL_FAST_MATH = YES;
				SDKROOT = iphoneos;
				SWIFT_COMPILATION_MODE = wholemodule;
				SWIFT_OPTIMIZATION_LEVEL = "-O";
				VALIDATE_PRODUCT = YES;
			};
			name = Release;
		};
		4918EAAB21E8DEB100CE4C78 /* Debug */ = {
			isa = XCBuildConfiguration;
			buildSettings = {
				ASSETCATALOG_COMPILER_APPICON_NAME = AppIcon;
				CODE_SIGN_IDENTITY = "iPhone Developer";
				CODE_SIGN_STYLE = Automatic;
				DEVELOPMENT_TEAM = L4X8YW4M72;
				INFOPLIST_FILE = firstapp/Info.plist;
				IPHONEOS_DEPLOYMENT_TARGET = 11.4;
				LD_RUNPATH_SEARCH_PATHS = (
					"$(inherited)",
					"@executable_path/Frameworks",
				);
				PRODUCT_BUNDLE_IDENTIFIER = extole.firstapp;
				PRODUCT_NAME = "$(TARGET_NAME)";
				PROVISIONING_PROFILE_SPECIFIER = "";
				SWIFT_VERSION = 4.2;
				TARGETED_DEVICE_FAMILY = "1,2";
			};
			name = Debug;
		};
		4918EAAC21E8DEB100CE4C78 /* Release */ = {
			isa = XCBuildConfiguration;
			buildSettings = {
				ASSETCATALOG_COMPILER_APPICON_NAME = AppIcon;
				CODE_SIGN_IDENTITY = "iPhone Developer";
				CODE_SIGN_STYLE = Automatic;
				DEVELOPMENT_TEAM = L4X8YW4M72;
				INFOPLIST_FILE = firstapp/Info.plist;
				IPHONEOS_DEPLOYMENT_TARGET = 11.4;
				LD_RUNPATH_SEARCH_PATHS = (
					"$(inherited)",
					"@executable_path/Frameworks",
				);
				PRODUCT_BUNDLE_IDENTIFIER = extole.firstapp;
				PRODUCT_NAME = "$(TARGET_NAME)";
				PROVISIONING_PROFILE_SPECIFIER = "";
				SWIFT_VERSION = 4.2;
				TARGETED_DEVICE_FAMILY = "1,2";
			};
			name = Release;
		};
		4918EAAE21E8DEB100CE4C78 /* Debug */ = {
			isa = XCBuildConfiguration;
			buildSettings = {
				ALWAYS_EMBED_SWIFT_STANDARD_LIBRARIES = YES;
				BUNDLE_LOADER = "$(TEST_HOST)";
				CODE_SIGN_STYLE = Automatic;
				DEVELOPMENT_TEAM = L4X8YW4M72;
				INFOPLIST_FILE = firstappTests/Info.plist;
				LD_RUNPATH_SEARCH_PATHS = (
					"$(inherited)",
					"@executable_path/Frameworks",
					"@loader_path/Frameworks",
				);
				PRODUCT_BUNDLE_IDENTIFIER = extole.firstappTests;
				PRODUCT_NAME = "$(TARGET_NAME)";
				SWIFT_VERSION = 4.2;
				TARGETED_DEVICE_FAMILY = "1,2";
				TEST_HOST = "$(BUILT_PRODUCTS_DIR)/firstapp.app/firstapp";
			};
			name = Debug;
		};
		4918EAAF21E8DEB100CE4C78 /* Release */ = {
			isa = XCBuildConfiguration;
			buildSettings = {
				ALWAYS_EMBED_SWIFT_STANDARD_LIBRARIES = YES;
				BUNDLE_LOADER = "$(TEST_HOST)";
				CODE_SIGN_STYLE = Automatic;
				DEVELOPMENT_TEAM = L4X8YW4M72;
				INFOPLIST_FILE = firstappTests/Info.plist;
				LD_RUNPATH_SEARCH_PATHS = (
					"$(inherited)",
					"@executable_path/Frameworks",
					"@loader_path/Frameworks",
				);
				PRODUCT_BUNDLE_IDENTIFIER = extole.firstappTests;
				PRODUCT_NAME = "$(TARGET_NAME)";
				SWIFT_VERSION = 4.2;
				TARGETED_DEVICE_FAMILY = "1,2";
				TEST_HOST = "$(BUILT_PRODUCTS_DIR)/firstapp.app/firstapp";
			};
			name = Release;
		};
		4918EAB121E8DEB100CE4C78 /* Debug */ = {
			isa = XCBuildConfiguration;
			buildSettings = {
				ALWAYS_EMBED_SWIFT_STANDARD_LIBRARIES = YES;
				CODE_SIGN_STYLE = Automatic;
				DEVELOPMENT_TEAM = L4X8YW4M72;
				INFOPLIST_FILE = firstappUITests/Info.plist;
				LD_RUNPATH_SEARCH_PATHS = (
					"$(inherited)",
					"@executable_path/Frameworks",
					"@loader_path/Frameworks",
				);
				PRODUCT_BUNDLE_IDENTIFIER = extole.firstappUITests;
				PRODUCT_NAME = "$(TARGET_NAME)";
				SWIFT_VERSION = 4.2;
				TARGETED_DEVICE_FAMILY = "1,2";
				TEST_TARGET_NAME = firstapp;
			};
			name = Debug;
		};
		4918EAB221E8DEB100CE4C78 /* Release */ = {
			isa = XCBuildConfiguration;
			buildSettings = {
				ALWAYS_EMBED_SWIFT_STANDARD_LIBRARIES = YES;
				CODE_SIGN_STYLE = Automatic;
				DEVELOPMENT_TEAM = L4X8YW4M72;
				INFOPLIST_FILE = firstappUITests/Info.plist;
				LD_RUNPATH_SEARCH_PATHS = (
					"$(inherited)",
					"@executable_path/Frameworks",
					"@loader_path/Frameworks",
				);
				PRODUCT_BUNDLE_IDENTIFIER = extole.firstappUITests;
				PRODUCT_NAME = "$(TARGET_NAME)";
				SWIFT_VERSION = 4.2;
				TARGETED_DEVICE_FAMILY = "1,2";
				TEST_TARGET_NAME = firstapp;
			};
			name = Release;
		};
/* End XCBuildConfiguration section */

/* Begin XCConfigurationList section */
		4918EA7D21E8DEAF00CE4C78 /* Build configuration list for PBXProject "firstapp" */ = {
			isa = XCConfigurationList;
			buildConfigurations = (
				4918EAA821E8DEB100CE4C78 /* Debug */,
				4918EAA921E8DEB100CE4C78 /* Release */,
			);
			defaultConfigurationIsVisible = 0;
			defaultConfigurationName = Release;
		};
		4918EAAA21E8DEB100CE4C78 /* Build configuration list for PBXNativeTarget "firstapp" */ = {
			isa = XCConfigurationList;
			buildConfigurations = (
				4918EAAB21E8DEB100CE4C78 /* Debug */,
				4918EAAC21E8DEB100CE4C78 /* Release */,
			);
			defaultConfigurationIsVisible = 0;
			defaultConfigurationName = Release;
		};
		4918EAAD21E8DEB100CE4C78 /* Build configuration list for PBXNativeTarget "firstappTests" */ = {
			isa = XCConfigurationList;
			buildConfigurations = (
				4918EAAE21E8DEB100CE4C78 /* Debug */,
				4918EAAF21E8DEB100CE4C78 /* Release */,
			);
			defaultConfigurationIsVisible = 0;
			defaultConfigurationName = Release;
		};
		4918EAB021E8DEB100CE4C78 /* Build configuration list for PBXNativeTarget "firstappUITests" */ = {
			isa = XCConfigurationList;
			buildConfigurations = (
				4918EAB121E8DEB100CE4C78 /* Debug */,
				4918EAB221E8DEB100CE4C78 /* Release */,
			);
			defaultConfigurationIsVisible = 0;
			defaultConfigurationName = Release;
		};
/* End XCConfigurationList section */
	};
	rootObject = 4918EA7A21E8DEAF00CE4C78 /* Project object */;
}
