// !$*UTF8*$!
{
	archiveVersion = 1;
	classes = {
	};
	objectVersion = 50;
	objects = {

/* Begin PBXBuildFile section */
		4925B86E220DAC4000D9CD4A /* AppDelegate.swift in Sources */ = {isa = PBXBuildFile; fileRef = 4925B86D220DAC4000D9CD4A /* AppDelegate.swift */; };
		4925B870220DAC4000D9CD4A /* ViewController.swift in Sources */ = {isa = PBXBuildFile; fileRef = 4925B86F220DAC4000D9CD4A /* ViewController.swift */; };
		4925B873220DAC4000D9CD4A /* Main.storyboard in Resources */ = {isa = PBXBuildFile; fileRef = 4925B871220DAC4000D9CD4A /* Main.storyboard */; };
		4925B875220DAC4100D9CD4A /* Assets.xcassets in Resources */ = {isa = PBXBuildFile; fileRef = 4925B874220DAC4100D9CD4A /* Assets.xcassets */; };
		4925B878220DAC4100D9CD4A /* LaunchScreen.storyboard in Resources */ = {isa = PBXBuildFile; fileRef = 4925B876220DAC4100D9CD4A /* LaunchScreen.storyboard */; };
		4925B883220DAC4100D9CD4A /* ExtoleSantaTests.swift in Sources */ = {isa = PBXBuildFile; fileRef = 4925B882220DAC4100D9CD4A /* ExtoleSantaTests.swift */; };
		4925B8C2220DB07200D9CD4A /* HomeViewController.swift in Sources */ = {isa = PBXBuildFile; fileRef = 4925B8BB220DB07200D9CD4A /* HomeViewController.swift */; };
		4925B8C3220DB07200D9CD4A /* ShareItem.swift in Sources */ = {isa = PBXBuildFile; fileRef = 4925B8BC220DB07200D9CD4A /* ShareItem.swift */; };
		4925B8C4220DB07200D9CD4A /* Common.swift in Sources */ = {isa = PBXBuildFile; fileRef = 4925B8BD220DB07200D9CD4A /* Common.swift */; };
		4925B8C5220DB07200D9CD4A /* ShareViewController.swift in Sources */ = {isa = PBXBuildFile; fileRef = 4925B8BE220DB07200D9CD4A /* ShareViewController.swift */; };
		4925B8C6220DB07200D9CD4A /* ProfileViewController.swift in Sources */ = {isa = PBXBuildFile; fileRef = 4925B8BF220DB07200D9CD4A /* ProfileViewController.swift */; };
		4925B8C8220DB07200D9CD4A /* IdentifyViewController.swift in Sources */ = {isa = PBXBuildFile; fileRef = 4925B8C1220DB07200D9CD4A /* IdentifyViewController.swift */; };
		4925B8D7220DC14D00D9CD4A /* ExtoleKit.framework in Frameworks */ = {isa = PBXBuildFile; fileRef = 4925B8D3220DC10100D9CD4A /* ExtoleKit.framework */; };
		4925B8D8220DC14D00D9CD4A /* ExtoleKit.framework in Embed Frameworks */ = {isa = PBXBuildFile; fileRef = 4925B8D3220DC10100D9CD4A /* ExtoleKit.framework */; settings = {ATTRIBUTES = (CodeSignOnCopy, RemoveHeadersOnCopy, ); }; };
/* End PBXBuildFile section */

/* Begin PBXContainerItemProxy section */
		4925B87F220DAC4100D9CD4A /* PBXContainerItemProxy */ = {
			isa = PBXContainerItemProxy;
			containerPortal = 4925B862220DAC4000D9CD4A /* Project object */;
			proxyType = 1;
			remoteGlobalIDString = 4925B869220DAC4000D9CD4A;
			remoteInfo = ExtoleSanta;
		};
/* End PBXContainerItemProxy section */

/* Begin PBXCopyFilesBuildPhase section */
		4925B8D9220DC14E00D9CD4A /* Embed Frameworks */ = {
			isa = PBXCopyFilesBuildPhase;
			buildActionMask = 2147483647;
			dstPath = "";
			dstSubfolderSpec = 10;
			files = (
				4925B8D8220DC14D00D9CD4A /* ExtoleKit.framework in Embed Frameworks */,
			);
			name = "Embed Frameworks";
			runOnlyForDeploymentPostprocessing = 0;
		};
/* End PBXCopyFilesBuildPhase section */

/* Begin PBXFileReference section */
		4925B86A220DAC4000D9CD4A /* ExtoleSanta.app */ = {isa = PBXFileReference; explicitFileType = wrapper.application; includeInIndex = 0; path = ExtoleSanta.app; sourceTree = BUILT_PRODUCTS_DIR; };
		4925B86D220DAC4000D9CD4A /* AppDelegate.swift */ = {isa = PBXFileReference; lastKnownFileType = sourcecode.swift; path = AppDelegate.swift; sourceTree = "<group>"; };
		4925B86F220DAC4000D9CD4A /* ViewController.swift */ = {isa = PBXFileReference; lastKnownFileType = sourcecode.swift; path = ViewController.swift; sourceTree = "<group>"; };
		4925B872220DAC4000D9CD4A /* Base */ = {isa = PBXFileReference; lastKnownFileType = file.storyboard; name = Base; path = Base.lproj/Main.storyboard; sourceTree = "<group>"; };
		4925B874220DAC4100D9CD4A /* Assets.xcassets */ = {isa = PBXFileReference; lastKnownFileType = folder.assetcatalog; path = Assets.xcassets; sourceTree = "<group>"; };
		4925B877220DAC4100D9CD4A /* Base */ = {isa = PBXFileReference; lastKnownFileType = file.storyboard; name = Base; path = Base.lproj/LaunchScreen.storyboard; sourceTree = "<group>"; };
		4925B879220DAC4100D9CD4A /* Info.plist */ = {isa = PBXFileReference; lastKnownFileType = text.plist.xml; path = Info.plist; sourceTree = "<group>"; };
		4925B87E220DAC4100D9CD4A /* ExtoleSantaTests.xctest */ = {isa = PBXFileReference; explicitFileType = wrapper.cfbundle; includeInIndex = 0; path = ExtoleSantaTests.xctest; sourceTree = BUILT_PRODUCTS_DIR; };
		4925B882220DAC4100D9CD4A /* ExtoleSantaTests.swift */ = {isa = PBXFileReference; lastKnownFileType = sourcecode.swift; path = ExtoleSantaTests.swift; sourceTree = "<group>"; };
		4925B884220DAC4100D9CD4A /* Info.plist */ = {isa = PBXFileReference; lastKnownFileType = text.plist.xml; path = Info.plist; sourceTree = "<group>"; };
		4925B88E220DAC5E00D9CD4A /* ExtoleKit.framework */ = {isa = PBXFileReference; explicitFileType = wrapper.framework; path = ExtoleKit.framework; sourceTree = BUILT_PRODUCTS_DIR; };
		4925B8BB220DB07200D9CD4A /* HomeViewController.swift */ = {isa = PBXFileReference; fileEncoding = 4; lastKnownFileType = sourcecode.swift; path = HomeViewController.swift; sourceTree = "<group>"; };
		4925B8BC220DB07200D9CD4A /* ShareItem.swift */ = {isa = PBXFileReference; fileEncoding = 4; lastKnownFileType = sourcecode.swift; path = ShareItem.swift; sourceTree = "<group>"; };
		4925B8BD220DB07200D9CD4A /* Common.swift */ = {isa = PBXFileReference; fileEncoding = 4; lastKnownFileType = sourcecode.swift; path = Common.swift; sourceTree = "<group>"; };
		4925B8BE220DB07200D9CD4A /* ShareViewController.swift */ = {isa = PBXFileReference; fileEncoding = 4; lastKnownFileType = sourcecode.swift; path = ShareViewController.swift; sourceTree = "<group>"; };
		4925B8BF220DB07200D9CD4A /* ProfileViewController.swift */ = {isa = PBXFileReference; fileEncoding = 4; lastKnownFileType = sourcecode.swift; path = ProfileViewController.swift; sourceTree = "<group>"; };
		4925B8C1220DB07200D9CD4A /* IdentifyViewController.swift */ = {isa = PBXFileReference; fileEncoding = 4; lastKnownFileType = sourcecode.swift; path = IdentifyViewController.swift; sourceTree = "<group>"; };
		4925B8D3220DC10100D9CD4A /* ExtoleKit.framework */ = {isa = PBXFileReference; explicitFileType = wrapper.framework; path = ExtoleKit.framework; sourceTree = BUILT_PRODUCTS_DIR; };
/* End PBXFileReference section */

/* Begin PBXFrameworksBuildPhase section */
		4925B867220DAC4000D9CD4A /* Frameworks */ = {
			isa = PBXFrameworksBuildPhase;
			buildActionMask = 2147483647;
			files = (
				4925B8D7220DC14D00D9CD4A /* ExtoleKit.framework in Frameworks */,
			);
			runOnlyForDeploymentPostprocessing = 0;
		};
		4925B87B220DAC4100D9CD4A /* Frameworks */ = {
			isa = PBXFrameworksBuildPhase;
			buildActionMask = 2147483647;
			files = (
			);
			runOnlyForDeploymentPostprocessing = 0;
		};
/* End PBXFrameworksBuildPhase section */

/* Begin PBXGroup section */
		4925B861220DAC4000D9CD4A = {
			isa = PBXGroup;
			children = (
				4925B8D3220DC10100D9CD4A /* ExtoleKit.framework */,
				4925B86C220DAC4000D9CD4A /* ExtoleSanta */,
				4925B881220DAC4100D9CD4A /* ExtoleSantaTests */,
				4925B86B220DAC4000D9CD4A /* Products */,
				4925B88D220DAC5E00D9CD4A /* Frameworks */,
			);
			sourceTree = "<group>";
		};
		4925B86B220DAC4000D9CD4A /* Products */ = {
			isa = PBXGroup;
			children = (
				4925B86A220DAC4000D9CD4A /* ExtoleSanta.app */,
				4925B87E220DAC4100D9CD4A /* ExtoleSantaTests.xctest */,
			);
			name = Products;
			sourceTree = "<group>";
		};
		4925B86C220DAC4000D9CD4A /* ExtoleSanta */ = {
			isa = PBXGroup;
			children = (
				4925B8BD220DB07200D9CD4A /* Common.swift */,
				4925B8BB220DB07200D9CD4A /* HomeViewController.swift */,
				4925B8C1220DB07200D9CD4A /* IdentifyViewController.swift */,
				4925B8BF220DB07200D9CD4A /* ProfileViewController.swift */,
				4925B8BC220DB07200D9CD4A /* ShareItem.swift */,
				4925B8BE220DB07200D9CD4A /* ShareViewController.swift */,
				4925B86D220DAC4000D9CD4A /* AppDelegate.swift */,
				4925B86F220DAC4000D9CD4A /* ViewController.swift */,
				4925B871220DAC4000D9CD4A /* Main.storyboard */,
				4925B874220DAC4100D9CD4A /* Assets.xcassets */,
				4925B876220DAC4100D9CD4A /* LaunchScreen.storyboard */,
				4925B879220DAC4100D9CD4A /* Info.plist */,
			);
			path = ExtoleSanta;
			sourceTree = "<group>";
		};
		4925B881220DAC4100D9CD4A /* ExtoleSantaTests */ = {
			isa = PBXGroup;
			children = (
				4925B882220DAC4100D9CD4A /* ExtoleSantaTests.swift */,
				4925B884220DAC4100D9CD4A /* Info.plist */,
			);
			path = ExtoleSantaTests;
			sourceTree = "<group>";
		};
		4925B88D220DAC5E00D9CD4A /* Frameworks */ = {
			isa = PBXGroup;
			children = (
				4925B88E220DAC5E00D9CD4A /* ExtoleKit.framework */,
			);
			name = Frameworks;
			sourceTree = "<group>";
		};
/* End PBXGroup section */

/* Begin PBXNativeTarget section */
		4925B869220DAC4000D9CD4A /* ExtoleSanta */ = {
			isa = PBXNativeTarget;
			buildConfigurationList = 4925B887220DAC4100D9CD4A /* Build configuration list for PBXNativeTarget "ExtoleSanta" */;
			buildPhases = (
				4925B866220DAC4000D9CD4A /* Sources */,
				4925B867220DAC4000D9CD4A /* Frameworks */,
				4925B868220DAC4000D9CD4A /* Resources */,
				4925B8D9220DC14E00D9CD4A /* Embed Frameworks */,
			);
			buildRules = (
			);
			dependencies = (
			);
			name = ExtoleSanta;
			productName = ExtoleSanta;
			productReference = 4925B86A220DAC4000D9CD4A /* ExtoleSanta.app */;
			productType = "com.apple.product-type.application";
		};
		4925B87D220DAC4100D9CD4A /* ExtoleSantaTests */ = {
			isa = PBXNativeTarget;
			buildConfigurationList = 4925B88A220DAC4100D9CD4A /* Build configuration list for PBXNativeTarget "ExtoleSantaTests" */;
			buildPhases = (
				4925B87A220DAC4100D9CD4A /* Sources */,
				4925B87B220DAC4100D9CD4A /* Frameworks */,
				4925B87C220DAC4100D9CD4A /* Resources */,
			);
			buildRules = (
			);
			dependencies = (
				4925B880220DAC4100D9CD4A /* PBXTargetDependency */,
			);
			name = ExtoleSantaTests;
			productName = ExtoleSantaTests;
			productReference = 4925B87E220DAC4100D9CD4A /* ExtoleSantaTests.xctest */;
			productType = "com.apple.product-type.bundle.unit-test";
		};
/* End PBXNativeTarget section */

/* Begin PBXProject section */
		4925B862220DAC4000D9CD4A /* Project object */ = {
			isa = PBXProject;
			attributes = {
				LastSwiftUpdateCheck = 1010;
				LastUpgradeCheck = 1010;
				ORGANIZATIONNAME = com.extole;
				TargetAttributes = {
					4925B869220DAC4000D9CD4A = {
						CreatedOnToolsVersion = 10.1;
					};
					4925B87D220DAC4100D9CD4A = {
						CreatedOnToolsVersion = 10.1;
						TestTargetID = 4925B869220DAC4000D9CD4A;
					};
				};
			};
			buildConfigurationList = 4925B865220DAC4000D9CD4A /* Build configuration list for PBXProject "ExtoleSanta" */;
			compatibilityVersion = "Xcode 9.3";
			developmentRegion = en;
			hasScannedForEncodings = 0;
			knownRegions = (
				en,
				Base,
			);
			mainGroup = 4925B861220DAC4000D9CD4A;
			productRefGroup = 4925B86B220DAC4000D9CD4A /* Products */;
			projectDirPath = "";
			projectRoot = "";
			targets = (
				4925B869220DAC4000D9CD4A /* ExtoleSanta */,
				4925B87D220DAC4100D9CD4A /* ExtoleSantaTests */,
			);
		};
/* End PBXProject section */

/* Begin PBXResourcesBuildPhase section */
		4925B868220DAC4000D9CD4A /* Resources */ = {
			isa = PBXResourcesBuildPhase;
			buildActionMask = 2147483647;
			files = (
				4925B878220DAC4100D9CD4A /* LaunchScreen.storyboard in Resources */,
				4925B875220DAC4100D9CD4A /* Assets.xcassets in Resources */,
				4925B873220DAC4000D9CD4A /* Main.storyboard in Resources */,
			);
			runOnlyForDeploymentPostprocessing = 0;
		};
		4925B87C220DAC4100D9CD4A /* Resources */ = {
			isa = PBXResourcesBuildPhase;
			buildActionMask = 2147483647;
			files = (
			);
			runOnlyForDeploymentPostprocessing = 0;
		};
/* End PBXResourcesBuildPhase section */

/* Begin PBXSourcesBuildPhase section */
		4925B866220DAC4000D9CD4A /* Sources */ = {
			isa = PBXSourcesBuildPhase;
			buildActionMask = 2147483647;
			files = (
				4925B8C5220DB07200D9CD4A /* ShareViewController.swift in Sources */,
				4925B8C3220DB07200D9CD4A /* ShareItem.swift in Sources */,
				4925B870220DAC4000D9CD4A /* ViewController.swift in Sources */,
				4925B86E220DAC4000D9CD4A /* AppDelegate.swift in Sources */,
				4925B8C6220DB07200D9CD4A /* ProfileViewController.swift in Sources */,
				4925B8C8220DB07200D9CD4A /* IdentifyViewController.swift in Sources */,
				4925B8C4220DB07200D9CD4A /* Common.swift in Sources */,
				4925B8C2220DB07200D9CD4A /* HomeViewController.swift in Sources */,
			);
			runOnlyForDeploymentPostprocessing = 0;
		};
		4925B87A220DAC4100D9CD4A /* Sources */ = {
			isa = PBXSourcesBuildPhase;
			buildActionMask = 2147483647;
			files = (
				4925B883220DAC4100D9CD4A /* ExtoleSantaTests.swift in Sources */,
			);
			runOnlyForDeploymentPostprocessing = 0;
		};
/* End PBXSourcesBuildPhase section */

/* Begin PBXTargetDependency section */
		4925B880220DAC4100D9CD4A /* PBXTargetDependency */ = {
			isa = PBXTargetDependency;
			target = 4925B869220DAC4000D9CD4A /* ExtoleSanta */;
			targetProxy = 4925B87F220DAC4100D9CD4A /* PBXContainerItemProxy */;
		};
/* End PBXTargetDependency section */

/* Begin PBXVariantGroup section */
		4925B871220DAC4000D9CD4A /* Main.storyboard */ = {
			isa = PBXVariantGroup;
			children = (
				4925B872220DAC4000D9CD4A /* Base */,
			);
			name = Main.storyboard;
			sourceTree = "<group>";
		};
		4925B876220DAC4100D9CD4A /* LaunchScreen.storyboard */ = {
			isa = PBXVariantGroup;
			children = (
				4925B877220DAC4100D9CD4A /* Base */,
			);
			name = LaunchScreen.storyboard;
			sourceTree = "<group>";
		};
/* End PBXVariantGroup section */

/* Begin XCBuildConfiguration section */
		4925B885220DAC4100D9CD4A /* Debug */ = {
			isa = XCBuildConfiguration;
			buildSettings = {
				ALWAYS_SEARCH_USER_PATHS = NO;
				CLANG_ANALYZER_NONNULL = YES;
				CLANG_ANALYZER_NUMBER_OBJECT_CONVERSION = YES_AGGRESSIVE;
				CLANG_CXX_LANGUAGE_STANDARD = "gnu++14";
				CLANG_CXX_LIBRARY = "libc++";
				CLANG_ENABLE_MODULES = YES;
				CLANG_ENABLE_OBJC_ARC = YES;
				CLANG_ENABLE_OBJC_WEAK = YES;
				CLANG_WARN_BLOCK_CAPTURE_AUTORELEASING = YES;
				CLANG_WARN_BOOL_CONVERSION = YES;
				CLANG_WARN_COMMA = YES;
				CLANG_WARN_CONSTANT_CONVERSION = YES;
				CLANG_WARN_DEPRECATED_OBJC_IMPLEMENTATIONS = YES;
				CLANG_WARN_DIRECT_OBJC_ISA_USAGE = YES_ERROR;
				CLANG_WARN_DOCUMENTATION_COMMENTS = YES;
				CLANG_WARN_EMPTY_BODY = YES;
				CLANG_WARN_ENUM_CONVERSION = YES;
				CLANG_WARN_INFINITE_RECURSION = YES;
				CLANG_WARN_INT_CONVERSION = YES;
				CLANG_WARN_NON_LITERAL_NULL_CONVERSION = YES;
				CLANG_WARN_OBJC_IMPLICIT_RETAIN_SELF = YES;
				CLANG_WARN_OBJC_LITERAL_CONVERSION = YES;
				CLANG_WARN_OBJC_ROOT_CLASS = YES_ERROR;
				CLANG_WARN_RANGE_LOOP_ANALYSIS = YES;
				CLANG_WARN_STRICT_PROTOTYPES = YES;
				CLANG_WARN_SUSPICIOUS_MOVE = YES;
				CLANG_WARN_UNGUARDED_AVAILABILITY = YES_AGGRESSIVE;
				CLANG_WARN_UNREACHABLE_CODE = YES;
				CLANG_WARN__DUPLICATE_METHOD_MATCH = YES;
				CODE_SIGN_IDENTITY = "iPhone Developer";
				COPY_PHASE_STRIP = NO;
				DEBUG_INFORMATION_FORMAT = dwarf;
				ENABLE_STRICT_OBJC_MSGSEND = YES;
				ENABLE_TESTABILITY = YES;
				GCC_C_LANGUAGE_STANDARD = gnu11;
				GCC_DYNAMIC_NO_PIC = NO;
				GCC_NO_COMMON_BLOCKS = YES;
				GCC_OPTIMIZATION_LEVEL = 0;
				GCC_PREPROCESSOR_DEFINITIONS = (
					"DEBUG=1",
					"$(inherited)",
				);
				GCC_WARN_64_TO_32_BIT_CONVERSION = YES;
				GCC_WARN_ABOUT_RETURN_TYPE = YES_ERROR;
				GCC_WARN_UNDECLARED_SELECTOR = YES;
				GCC_WARN_UNINITIALIZED_AUTOS = YES_AGGRESSIVE;
				GCC_WARN_UNUSED_FUNCTION = YES;
				GCC_WARN_UNUSED_VARIABLE = YES;
				IPHONEOS_DEPLOYMENT_TARGET = 12.1;
				MTL_ENABLE_DEBUG_INFO = INCLUDE_SOURCE;
				MTL_FAST_MATH = YES;
				ONLY_ACTIVE_ARCH = YES;
				SDKROOT = iphoneos;
				SWIFT_ACTIVE_COMPILATION_CONDITIONS = DEBUG;
				SWIFT_OPTIMIZATION_LEVEL = "-Onone";
			};
			name = Debug;
		};
		4925B886220DAC4100D9CD4A /* Release */ = {
			isa = XCBuildConfiguration;
			buildSettings = {
				ALWAYS_SEARCH_USER_PATHS = NO;
				CLANG_ANALYZER_NONNULL = YES;
				CLANG_ANALYZER_NUMBER_OBJECT_CONVERSION = YES_AGGRESSIVE;
				CLANG_CXX_LANGUAGE_STANDARD = "gnu++14";
				CLANG_CXX_LIBRARY = "libc++";
				CLANG_ENABLE_MODULES = YES;
				CLANG_ENABLE_OBJC_ARC = YES;
				CLANG_ENABLE_OBJC_WEAK = YES;
				CLANG_WARN_BLOCK_CAPTURE_AUTORELEASING = YES;
				CLANG_WARN_BOOL_CONVERSION = YES;
				CLANG_WARN_COMMA = YES;
				CLANG_WARN_CONSTANT_CONVERSION = YES;
				CLANG_WARN_DEPRECATED_OBJC_IMPLEMENTATIONS = YES;
				CLANG_WARN_DIRECT_OBJC_ISA_USAGE = YES_ERROR;
				CLANG_WARN_DOCUMENTATION_COMMENTS = YES;
				CLANG_WARN_EMPTY_BODY = YES;
				CLANG_WARN_ENUM_CONVERSION = YES;
				CLANG_WARN_INFINITE_RECURSION = YES;
				CLANG_WARN_INT_CONVERSION = YES;
				CLANG_WARN_NON_LITERAL_NULL_CONVERSION = YES;
				CLANG_WARN_OBJC_IMPLICIT_RETAIN_SELF = YES;
				CLANG_WARN_OBJC_LITERAL_CONVERSION = YES;
				CLANG_WARN_OBJC_ROOT_CLASS = YES_ERROR;
				CLANG_WARN_RANGE_LOOP_ANALYSIS = YES;
				CLANG_WARN_STRICT_PROTOTYPES = YES;
				CLANG_WARN_SUSPICIOUS_MOVE = YES;
				CLANG_WARN_UNGUARDED_AVAILABILITY = YES_AGGRESSIVE;
				CLANG_WARN_UNREACHABLE_CODE = YES;
				CLANG_WARN__DUPLICATE_METHOD_MATCH = YES;
				CODE_SIGN_IDENTITY = "iPhone Developer";
				COPY_PHASE_STRIP = NO;
				DEBUG_INFORMATION_FORMAT = "dwarf-with-dsym";
				ENABLE_NS_ASSERTIONS = NO;
				ENABLE_STRICT_OBJC_MSGSEND = YES;
				GCC_C_LANGUAGE_STANDARD = gnu11;
				GCC_NO_COMMON_BLOCKS = YES;
				GCC_WARN_64_TO_32_BIT_CONVERSION = YES;
				GCC_WARN_ABOUT_RETURN_TYPE = YES_ERROR;
				GCC_WARN_UNDECLARED_SELECTOR = YES;
				GCC_WARN_UNINITIALIZED_AUTOS = YES_AGGRESSIVE;
				GCC_WARN_UNUSED_FUNCTION = YES;
				GCC_WARN_UNUSED_VARIABLE = YES;
				IPHONEOS_DEPLOYMENT_TARGET = 12.1;
				MTL_ENABLE_DEBUG_INFO = NO;
				MTL_FAST_MATH = YES;
				SDKROOT = iphoneos;
				SWIFT_COMPILATION_MODE = wholemodule;
				SWIFT_OPTIMIZATION_LEVEL = "-O";
				VALIDATE_PRODUCT = YES;
			};
			name = Release;
		};
		4925B888220DAC4100D9CD4A /* Debug */ = {
			isa = XCBuildConfiguration;
			buildSettings = {
				ASSETCATALOG_COMPILER_APPICON_NAME = AppIcon;
				CODE_SIGN_STYLE = Automatic;
				DEVELOPMENT_TEAM = C699M5548C;
				INFOPLIST_FILE = ExtoleSanta/Info.plist;
				IPHONEOS_DEPLOYMENT_TARGET = 9.3;
				LD_RUNPATH_SEARCH_PATHS = (
					"$(inherited)",
					"@executable_path/Frameworks",
				);
				PRODUCT_BUNDLE_IDENTIFIER = com.extole.ExtoleSanta;
				PRODUCT_NAME = "$(TARGET_NAME)";
				SWIFT_VERSION = 4.2;
				TARGETED_DEVICE_FAMILY = "1,2";
			};
			name = Debug;
		};
		4925B889220DAC4100D9CD4A /* Release */ = {
			isa = XCBuildConfiguration;
			buildSettings = {
				ASSETCATALOG_COMPILER_APPICON_NAME = AppIcon;
				CODE_SIGN_STYLE = Automatic;
				DEVELOPMENT_TEAM = C699M5548C;
				INFOPLIST_FILE = ExtoleSanta/Info.plist;
				IPHONEOS_DEPLOYMENT_TARGET = 9.3;
				LD_RUNPATH_SEARCH_PATHS = (
					"$(inherited)",
					"@executable_path/Frameworks",
				);
				PRODUCT_BUNDLE_IDENTIFIER = com.extole.ExtoleSanta;
				PRODUCT_NAME = "$(TARGET_NAME)";
				SWIFT_VERSION = 4.2;
				TARGETED_DEVICE_FAMILY = "1,2";
			};
			name = Release;
		};
		4925B88B220DAC4100D9CD4A /* Debug */ = {
			isa = XCBuildConfiguration;
			buildSettings = {
				ALWAYS_EMBED_SWIFT_STANDARD_LIBRARIES = YES;
				BUNDLE_LOADER = "$(TEST_HOST)";
				CODE_SIGN_STYLE = Automatic;
				DEVELOPMENT_TEAM = C699M5548C;
				INFOPLIST_FILE = ExtoleSantaTests/Info.plist;
				LD_RUNPATH_SEARCH_PATHS = (
					"$(inherited)",
					"@executable_path/Frameworks",
					"@loader_path/Frameworks",
				);
				PRODUCT_BUNDLE_IDENTIFIER = com.extole.ExtoleSantaTests;
				PRODUCT_NAME = "$(TARGET_NAME)";
				SWIFT_VERSION = 4.2;
				TARGETED_DEVICE_FAMILY = "1,2";
				TEST_HOST = "$(BUILT_PRODUCTS_DIR)/ExtoleSanta.app/ExtoleSanta";
			};
			name = Debug;
		};
		4925B88C220DAC4100D9CD4A /* Release */ = {
			isa = XCBuildConfiguration;
			buildSettings = {
				ALWAYS_EMBED_SWIFT_STANDARD_LIBRARIES = YES;
				BUNDLE_LOADER = "$(TEST_HOST)";
				CODE_SIGN_STYLE = Automatic;
				DEVELOPMENT_TEAM = C699M5548C;
				INFOPLIST_FILE = ExtoleSantaTests/Info.plist;
				LD_RUNPATH_SEARCH_PATHS = (
					"$(inherited)",
					"@executable_path/Frameworks",
					"@loader_path/Frameworks",
				);
				PRODUCT_BUNDLE_IDENTIFIER = com.extole.ExtoleSantaTests;
				PRODUCT_NAME = "$(TARGET_NAME)";
				SWIFT_VERSION = 4.2;
				TARGETED_DEVICE_FAMILY = "1,2";
				TEST_HOST = "$(BUILT_PRODUCTS_DIR)/ExtoleSanta.app/ExtoleSanta";
			};
			name = Release;
		};
/* End XCBuildConfiguration section */

/* Begin XCConfigurationList section */
		4925B865220DAC4000D9CD4A /* Build configuration list for PBXProject "ExtoleSanta" */ = {
			isa = XCConfigurationList;
			buildConfigurations = (
				4925B885220DAC4100D9CD4A /* Debug */,
				4925B886220DAC4100D9CD4A /* Release */,
			);
			defaultConfigurationIsVisible = 0;
			defaultConfigurationName = Release;
		};
		4925B887220DAC4100D9CD4A /* Build configuration list for PBXNativeTarget "ExtoleSanta" */ = {
			isa = XCConfigurationList;
			buildConfigurations = (
				4925B888220DAC4100D9CD4A /* Debug */,
				4925B889220DAC4100D9CD4A /* Release */,
			);
			defaultConfigurationIsVisible = 0;
			defaultConfigurationName = Release;
		};
		4925B88A220DAC4100D9CD4A /* Build configuration list for PBXNativeTarget "ExtoleSantaTests" */ = {
			isa = XCConfigurationList;
			buildConfigurations = (
				4925B88B220DAC4100D9CD4A /* Debug */,
				4925B88C220DAC4100D9CD4A /* Release */,
			);
			defaultConfigurationIsVisible = 0;
			defaultConfigurationName = Release;
		};
/* End XCConfigurationList section */
	};
	rootObject = 4925B862220DAC4000D9CD4A /* Project object */;
}
